// !$*UTF8*$!
{
	archiveVersion = 1;
	classes = {
	};
	objectVersion = 46;
	objects = {

/* Begin PBXBuildFile section */
		C827AD591C25F45B00F36D87 /* AppDelegate.swift in Sources */ = {isa = PBXBuildFile; fileRef = C827AD581C25F45B00F36D87 /* AppDelegate.swift */; };
		C827AD5B1C25F45B00F36D87 /* ViewController.swift in Sources */ = {isa = PBXBuildFile; fileRef = C827AD5A1C25F45B00F36D87 /* ViewController.swift */; };
		C827AD5E1C25F45B00F36D87 /* Main.storyboard in Resources */ = {isa = PBXBuildFile; fileRef = C827AD5C1C25F45B00F36D87 /* Main.storyboard */; };
		C827AD601C25F45B00F36D87 /* Images.xcassets in Resources */ = {isa = PBXBuildFile; fileRef = C827AD5F1C25F45B00F36D87 /* Images.xcassets */; };
		C827AD631C25F45B00F36D87 /* LaunchScreen.xib in Resources */ = {isa = PBXBuildFile; fileRef = C827AD611C25F45B00F36D87 /* LaunchScreen.xib */; };
		C827AD6F1C25F45B00F36D87 /* tipsTests.swift in Sources */ = {isa = PBXBuildFile; fileRef = C827AD6E1C25F45B00F36D87 /* tipsTests.swift */; };
		C827AD791C2D225800F36D87 /* SettingsViewController.swift in Sources */ = {isa = PBXBuildFile; fileRef = C827AD781C2D225800F36D87 /* SettingsViewController.swift */; };
/* End PBXBuildFile section */

/* Begin PBXContainerItemProxy section */
		C827AD691C25F45B00F36D87 /* PBXContainerItemProxy */ = {
			isa = PBXContainerItemProxy;
			containerPortal = C827AD4B1C25F45B00F36D87 /* Project object */;
			proxyType = 1;
			remoteGlobalIDString = C827AD521C25F45B00F36D87;
			remoteInfo = tips;
		};
/* End PBXContainerItemProxy section */

/* Begin PBXFileReference section */
		C827AD531C25F45B00F36D87 /* tips.app */ = {isa = PBXFileReference; explicitFileType = wrapper.application; includeInIndex = 0; path = tips.app; sourceTree = BUILT_PRODUCTS_DIR; };
		C827AD571C25F45B00F36D87 /* Info.plist */ = {isa = PBXFileReference; lastKnownFileType = text.plist.xml; path = Info.plist; sourceTree = "<group>"; };
		C827AD581C25F45B00F36D87 /* AppDelegate.swift */ = {isa = PBXFileReference; lastKnownFileType = sourcecode.swift; path = AppDelegate.swift; sourceTree = "<group>"; };
		C827AD5A1C25F45B00F36D87 /* ViewController.swift */ = {isa = PBXFileReference; lastKnownFileType = sourcecode.swift; path = ViewController.swift; sourceTree = "<group>"; };
		C827AD5D1C25F45B00F36D87 /* Base */ = {isa = PBXFileReference; lastKnownFileType = file.storyboard; name = Base; path = Base.lproj/Main.storyboard; sourceTree = "<group>"; };
		C827AD5F1C25F45B00F36D87 /* Images.xcassets */ = {isa = PBXFileReference; lastKnownFileType = folder.assetcatalog; path = Images.xcassets; sourceTree = "<group>"; };
		C827AD621C25F45B00F36D87 /* Base */ = {isa = PBXFileReference; lastKnownFileType = file.xib; name = Base; path = Base.lproj/LaunchScreen.xib; sourceTree = "<group>"; };
		C827AD681C25F45B00F36D87 /* tipsTests.xctest */ = {isa = PBXFileReference; explicitFileType = wrapper.cfbundle; includeInIndex = 0; path = tipsTests.xctest; sourceTree = BUILT_PRODUCTS_DIR; };
		C827AD6D1C25F45B00F36D87 /* Info.plist */ = {isa = PBXFileReference; lastKnownFileType = text.plist.xml; path = Info.plist; sourceTree = "<group>"; };
		C827AD6E1C25F45B00F36D87 /* tipsTests.swift */ = {isa = PBXFileReference; lastKnownFileType = sourcecode.swift; path = tipsTests.swift; sourceTree = "<group>"; };
		C827AD781C2D225800F36D87 /* SettingsViewController.swift */ = {isa = PBXFileReference; fileEncoding = 4; lastKnownFileType = sourcecode.swift; path = SettingsViewController.swift; sourceTree = "<group>"; };
/* End PBXFileReference section */

/* Begin PBXFrameworksBuildPhase section */
		C827AD501C25F45B00F36D87 /* Frameworks */ = {
			isa = PBXFrameworksBuildPhase;
			buildActionMask = 2147483647;
			files = (
			);
			runOnlyForDeploymentPostprocessing = 0;
		};
		C827AD651C25F45B00F36D87 /* Frameworks */ = {
			isa = PBXFrameworksBuildPhase;
			buildActionMask = 2147483647;
			files = (
			);
			runOnlyForDeploymentPostprocessing = 0;
		};
/* End PBXFrameworksBuildPhase section */

/* Begin PBXGroup section */
		C827AD4A1C25F45B00F36D87 = {
			isa = PBXGroup;
			children = (
				C827AD551C25F45B00F36D87 /* tips */,
				C827AD6B1C25F45B00F36D87 /* tipsTests */,
				C827AD541C25F45B00F36D87 /* Products */,
			);
			sourceTree = "<group>";
		};
		C827AD541C25F45B00F36D87 /* Products */ = {
			isa = PBXGroup;
			children = (
				C827AD531C25F45B00F36D87 /* tips.app */,
				C827AD681C25F45B00F36D87 /* tipsTests.xctest */,
			);
			name = Products;
			sourceTree = "<group>";
		};
		C827AD551C25F45B00F36D87 /* tips */ = {
			isa = PBXGroup;
			children = (
				C827AD581C25F45B00F36D87 /* AppDelegate.swift */,
				C827AD5A1C25F45B00F36D87 /* ViewController.swift */,
				C827AD5C1C25F45B00F36D87 /* Main.storyboard */,
				C827AD781C2D225800F36D87 /* SettingsViewController.swift */,
				C827AD5F1C25F45B00F36D87 /* Images.xcassets */,
				C827AD611C25F45B00F36D87 /* LaunchScreen.xib */,
				C827AD561C25F45B00F36D87 /* Supporting Files */,
			);
			path = tips;
			sourceTree = "<group>";
		};
		C827AD561C25F45B00F36D87 /* Supporting Files */ = {
			isa = PBXGroup;
			children = (
				C827AD571C25F45B00F36D87 /* Info.plist */,
			);
			name = "Supporting Files";
			sourceTree = "<group>";
		};
		C827AD6B1C25F45B00F36D87 /* tipsTests */ = {
			isa = PBXGroup;
			children = (
				C827AD6E1C25F45B00F36D87 /* tipsTests.swift */,
				C827AD6C1C25F45B00F36D87 /* Supporting Files */,
			);
			path = tipsTests;
			sourceTree = "<group>";
		};
		C827AD6C1C25F45B00F36D87 /* Supporting Files */ = {
			isa = PBXGroup;
			children = (
				C827AD6D1C25F45B00F36D87 /* Info.plist */,
			);
			name = "Supporting Files";
			sourceTree = "<group>";
		};
/* End PBXGroup section */

/* Begin PBXNativeTarget section */
		C827AD521C25F45B00F36D87 /* tips */ = {
			isa = PBXNativeTarget;
			buildConfigurationList = C827AD721C25F45B00F36D87 /* Build configuration list for PBXNativeTarget "tips" */;
			buildPhases = (
				C827AD4F1C25F45B00F36D87 /* Sources */,
				C827AD501C25F45B00F36D87 /* Frameworks */,
				C827AD511C25F45B00F36D87 /* Resources */,
			);
			buildRules = (
			);
			dependencies = (
			);
			name = tips;
			productName = tips;
			productReference = C827AD531C25F45B00F36D87 /* tips.app */;
			productType = "com.apple.product-type.application";
		};
		C827AD671C25F45B00F36D87 /* tipsTests */ = {
			isa = PBXNativeTarget;
			buildConfigurationList = C827AD751C25F45B00F36D87 /* Build configuration list for PBXNativeTarget "tipsTests" */;
			buildPhases = (
				C827AD641C25F45B00F36D87 /* Sources */,
				C827AD651C25F45B00F36D87 /* Frameworks */,
				C827AD661C25F45B00F36D87 /* Resources */,
			);
			buildRules = (
			);
			dependencies = (
				C827AD6A1C25F45B00F36D87 /* PBXTargetDependency */,
			);
			name = tipsTests;
			productName = tipsTests;
			productReference = C827AD681C25F45B00F36D87 /* tipsTests.xctest */;
			productType = "com.apple.product-type.bundle.unit-test";
		};
/* End PBXNativeTarget section */

/* Begin PBXProject section */
		C827AD4B1C25F45B00F36D87 /* Project object */ = {
			isa = PBXProject;
			attributes = {
				LastUpgradeCheck = 0640;
				ORGANIZATIONNAME = Jo;
				TargetAttributes = {
					C827AD521C25F45B00F36D87 = {
						CreatedOnToolsVersion = 6.4;
					};
					C827AD671C25F45B00F36D87 = {
						CreatedOnToolsVersion = 6.4;
						TestTargetID = C827AD521C25F45B00F36D87;
					};
				};
			};
			buildConfigurationList = C827AD4E1C25F45B00F36D87 /* Build configuration list for PBXProject "tips" */;
			compatibilityVersion = "Xcode 3.2";
			developmentRegion = English;
			hasScannedForEncodings = 0;
			knownRegions = (
				en,
				Base,
			);
			mainGroup = C827AD4A1C25F45B00F36D87;
			productRefGroup = C827AD541C25F45B00F36D87 /* Products */;
			projectDirPath = "";
			projectRoot = "";
			targets = (
				C827AD521C25F45B00F36D87 /* tips */,
				C827AD671C25F45B00F36D87 /* tipsTests */,
			);
		};
/* End PBXProject section */

/* Begin PBXResourcesBuildPhase section */
		C827AD511C25F45B00F36D87 /* Resources */ = {
			isa = PBXResourcesBuildPhase;
			buildActionMask = 2147483647;
			files = (
				C827AD5E1C25F45B00F36D87 /* Main.storyboard in Resources */,
				C827AD631C25F45B00F36D87 /* LaunchScreen.xib in Resources */,
				C827AD601C25F45B00F36D87 /* Images.xcassets in Resources */,
			);
			runOnlyForDeploymentPostprocessing = 0;
		};
		C827AD661C25F45B00F36D87 /* Resources */ = {
			isa = PBXResourcesBuildPhase;
			buildActionMask = 2147483647;
			files = (
			);
			runOnlyForDeploymentPostprocessing = 0;
		};
/* End PBXResourcesBuildPhase section */

/* Begin PBXSourcesBuildPhase section */
		C827AD4F1C25F45B00F36D87 /* Sources */ = {
			isa = PBXSourcesBuildPhase;
			buildActionMask = 2147483647;
			files = (
				C827AD5B1C25F45B00F36D87 /* ViewController.swift in Sources */,
				C827AD591C25F45B00F36D87 /* AppDelegate.swift in Sources */,
				C827AD791C2D225800F36D87 /* SettingsViewController.swift in Sources */,
			);
			runOnlyForDeploymentPostprocessing = 0;
		};
		C827AD641C25F45B00F36D87 /* Sources */ = {
			isa = PBXSourcesBuildPhase;
			buildActionMask = 2147483647;
			files = (
				C827AD6F1C25F45B00F36D87 /* tipsTests.swift in Sources */,
			);
			runOnlyForDeploymentPostprocessing = 0;
		};
/* End PBXSourcesBuildPhase section */

/* Begin PBXTargetDependency section */
		C827AD6A1C25F45B00F36D87 /* PBXTargetDependency */ = {
			isa = PBXTargetDependency;
			target = C827AD521C25F45B00F36D87 /* tips */;
			targetProxy = C827AD691C25F45B00F36D87 /* PBXContainerItemProxy */;
		};
/* End PBXTargetDependency section */

/* Begin PBXVariantGroup section */
		C827AD5C1C25F45B00F36D87 /* Main.storyboard */ = {
			isa = PBXVariantGroup;
			children = (
				C827AD5D1C25F45B00F36D87 /* Base */,
			);
			name = Main.storyboard;
			sourceTree = "<group>";
		};
		C827AD611C25F45B00F36D87 /* LaunchScreen.xib */ = {
			isa = PBXVariantGroup;
			children = (
				C827AD621C25F45B00F36D87 /* Base */,
			);
			name = LaunchScreen.xib;
			sourceTree = "<group>";
		};
/* End PBXVariantGroup section */

/* Begin XCBuildConfiguration section */
		C827AD701C25F45B00F36D87 /* Debug */ = {
			isa = XCBuildConfiguration;
			buildSettings = {
				ALWAYS_SEARCH_USER_PATHS = NO;
				CLANG_CXX_LANGUAGE_STANDARD = "gnu++0x";
				CLANG_CXX_LIBRARY = "libc++";
				CLANG_ENABLE_MODULES = YES;
				CLANG_ENABLE_OBJC_ARC = YES;
				CLANG_WARN_BOOL_CONVERSION = YES;
				CLANG_WARN_CONSTANT_CONVERSION = YES;
				CLANG_WARN_DIRECT_OBJC_ISA_USAGE = YES_ERROR;
				CLANG_WARN_EMPTY_BODY = YES;
				CLANG_WARN_ENUM_CONVERSION = YES;
				CLANG_WARN_INT_CONVERSION = YES;
				CLANG_WARN_OBJC_ROOT_CLASS = YES_ERROR;
				CLANG_WARN_UNREACHABLE_CODE = YES;
				CLANG_WARN__DUPLICATE_METHOD_MATCH = YES;
				"CODE_SIGN_IDENTITY[sdk=iphoneos*]" = "iPhone Developer";
				COPY_PHASE_STRIP = NO;
				DEBUG_INFORMATION_FORMAT = "dwarf-with-dsym";
				ENABLE_STRICT_OBJC_MSGSEND = YES;
				GCC_C_LANGUAGE_STANDARD = gnu99;
				GCC_DYNAMIC_NO_PIC = NO;
				GCC_NO_COMMON_BLOCKS = YES;
				GCC_OPTIMIZATION_LEVEL = 0;
				GCC_PREPROCESSOR_DEFINITIONS = (
					"DEBUG=1",
					"$(inherited)",
				);
				GCC_SYMBOLS_PRIVATE_EXTERN = NO;
				GCC_WARN_64_TO_32_BIT_CONVERSION = YES;
				GCC_WARN_ABOUT_RETURN_TYPE = YES_ERROR;
				GCC_WARN_UNDECLARED_SELECTOR = YES;
				GCC_WARN_UNINITIALIZED_AUTOS = YES_AGGRESSIVE;
				GCC_WARN_UNUSED_FUNCTION = YES;
				GCC_WARN_UNUSED_VARIABLE = YES;
				IPHONEOS_DEPLOYMENT_TARGET = 8.4;
				MTL_ENABLE_DEBUG_INFO = YES;
				ONLY_ACTIVE_ARCH = YES;
				SDKROOT = iphoneos;
				SWIFT_OPTIMIZATION_LEVEL = "-Onone";
			};
			name = Debug;
		};
		C827AD711C25F45B00F36D87 /* Release */ = {
			isa = XCBuildConfiguration;
			buildSettings = {
				ALWAYS_SEARCH_USER_PATHS = NO;
				CLANG_CXX_LANGUAGE_STANDARD = "gnu++0x";
				CLANG_CXX_LIBRARY = "libc++";
				CLANG_ENABLE_MODULES = YES;
				CLANG_ENABLE_OBJC_ARC = YES;
				CLANG_WARN_BOOL_CONVERSION = YES;
				CLANG_WARN_CONSTANT_CONVERSION = YES;
				CLANG_WARN_DIRECT_OBJC_ISA_USAGE = YES_ERROR;
				CLANG_WARN_EMPTY_BODY = YES;
				CLANG_WARN_ENUM_CONVERSION = YES;
				CLANG_WARN_INT_CONVERSION = YES;
				CLANG_WARN_OBJC_ROOT_CLASS = YES_ERROR;
				CLANG_WARN_UNREACHABLE_CODE = YES;
				CLANG_WARN__DUPLICATE_METHOD_MATCH = YES;
				"CODE_SIGN_IDENTITY[sdk=iphoneos*]" = "iPhone Developer";
				COPY_PHASE_STRIP = NO;
				DEBUG_INFORMATION_FORMAT = "dwarf-with-dsym";
				ENABLE_NS_ASSERTIONS = NO;
				ENABLE_STRICT_OBJC_MSGSEND = YES;
				GCC_C_LANGUAGE_STANDARD = gnu99;
				GCC_NO_COMMON_BLOCKS = YES;
				GCC_WARN_64_TO_32_BIT_CONVERSION = YES;
				GCC_WARN_ABOUT_RETURN_TYPE = YES_ERROR;
				GCC_WARN_UNDECLARED_SELECTOR = YES;
				GCC_WARN_UNINITIALIZED_AUTOS = YES_AGGRESSIVE;
				GCC_WARN_UNUSED_FUNCTION = YES;
				GCC_WARN_UNUSED_VARIABLE = YES;
				IPHONEOS_DEPLOYMENT_TARGET = 8.4;
				MTL_ENABLE_DEBUG_INFO = NO;
				SDKROOT = iphoneos;
				VALIDATE_PRODUCT = YES;
			};
			name = Release;
		};
		C827AD731C25F45B00F36D87 /* Debug */ = {
			isa = XCBuildConfiguration;
			buildSettings = {
				ASSETCATALOG_COMPILER_APPICON_NAME = AppIcon;
				INFOPLIST_FILE = tips/Info.plist;
				IPHONEOS_DEPLOYMENT_TARGET = 7.0;
				LD_RUNPATH_SEARCH_PATHS = "$(inherited) @executable_path/Frameworks";
				PRODUCT_NAME = "$(TARGET_NAME)";
			};
			name = Debug;
		};
		C827AD741C25F45B00F36D87 /* Release */ = {
			isa = XCBuildConfiguration;
			buildSettings = {
				ASSETCATALOG_COMPILER_APPICON_NAME = AppIcon;
				INFOPLIST_FILE = tips/Info.plist;
				IPHONEOS_DEPLOYMENT_TARGET = 7.0;
				LD_RUNPATH_SEARCH_PATHS = "$(inherited) @executable_path/Frameworks";
				PRODUCT_NAME = "$(TARGET_NAME)";
			};
			name = Release;
		};
		C827AD761C25F45B00F36D87 /* Debug */ = {
			isa = XCBuildConfiguration;
			buildSettings = {
				BUNDLE_LOADER = "$(TEST_HOST)";
				FRAMEWORK_SEARCH_PATHS = (
					"$(SDKROOT)/Developer/Library/Frameworks",
					"$(inherited)",
				);
				GCC_PREPROCESSOR_DEFINITIONS = (
					"DEBUG=1",
					"$(inherited)",
				);
				INFOPLIST_FILE = tipsTests/Info.plist;
				LD_RUNPATH_SEARCH_PATHS = "$(inherited) @executable_path/Frameworks @loader_path/Frameworks";
				PRODUCT_NAME = "$(TARGET_NAME)";
				TEST_HOST = "$(BUILT_PRODUCTS_DIR)/tips.app/tips";
			};
			name = Debug;
		};
		C827AD771C25F45B00F36D87 /* Release */ = {
			isa = XCBuildConfiguration;
			buildSettings = {
				BUNDLE_LOADER = "$(TEST_HOST)";
				FRAMEWORK_SEARCH_PATHS = (
					"$(SDKROOT)/Developer/Library/Frameworks",
					"$(inherited)",
				);
				INFOPLIST_FILE = tipsTests/Info.plist;
				LD_RUNPATH_SEARCH_PATHS = "$(inherited) @executable_path/Frameworks @loader_path/Frameworks";
				PRODUCT_NAME = "$(TARGET_NAME)";
				TEST_HOST = "$(BUILT_PRODUCTS_DIR)/tips.app/tips";
			};
			name = Release;
		};
/* End XCBuildConfiguration section */

/* Begin XCConfigurationList section */
		C827AD4E1C25F45B00F36D87 /* Build configuration list for PBXProject "tips" */ = {
			isa = XCConfigurationList;
			buildConfigurations = (
				C827AD701C25F45B00F36D87 /* Debug */,
				C827AD711C25F45B00F36D87 /* Release */,
			);
			defaultConfigurationIsVisible = 0;
			defaultConfigurationName = Release;
		};
		C827AD721C25F45B00F36D87 /* Build configuration list for PBXNativeTarget "tips" */ = {
			isa = XCConfigurationList;
			buildConfigurations = (
				C827AD731C25F45B00F36D87 /* Debug */,
				C827AD741C25F45B00F36D87 /* Release */,
			);
			defaultConfigurationIsVisible = 0;
			defaultConfigurationName = Release;
		};
		C827AD751C25F45B00F36D87 /* Build configuration list for PBXNativeTarget "tipsTests" */ = {
			isa = XCConfigurationList;
			buildConfigurations = (
				C827AD761C25F45B00F36D87 /* Debug */,
				C827AD771C25F45B00F36D87 /* Release */,
			);
			defaultConfigurationIsVisible = 0;
			defaultConfigurationName = Release;
		};
/* End XCConfigurationList section */
	};
	rootObject = C827AD4B1C25F45B00F36D87 /* Project object */;
}
